
Microsoft Visual Studio Solution File, Format Version 12.00
# Visual Studio Version 17
VisualStudioVersion = 17.2.32616.157
MinimumVisualStudioVersion = 10.0.40219.1
Project("{8BC9CEB8-8B4A-11D0-8D11-00A0C91BC942}") = "alarm", "alarm.vcxproj", "{62BD7BF2-1351-4FA6-938F-67283589C2BD}"
EndProject
Project("{2150E333-8FDC-42A3-9474-1A3956D46DE8}") = "解决方案项", "解决方案项", "{277F7AAE-84DA-4D68-ACA2-FE3B2879172E}"
	ProjectSection(SolutionItems) = preProject
		TextFile1.txt = TextFile1.txt
	EndProjectSection
EndProject
Global
	GlobalSection(SolutionConfigurationPlatforms) = preSolution
		Debug|x64 = Debug|x64
		Release|x64 = Release|x64
	EndGlobalSection
	GlobalSection(ProjectConfigurationPlatforms) = postSolution
		{62BD7BF2-1351-4FA6-938F-67283589C2BD}.Debug|x64.ActiveCfg = Debug|x64
		{62BD7BF2-1351-4FA6-938F-67283589C2BD}.Debug|x64.Build.0 = Debug|x64
		{62BD7BF2-1351-4FA6-938F-67283589C2BD}.Release|x64.ActiveCfg = Release|x64
		{62BD7BF2-1351-4FA6-938F-67283589C2BD}.Release|x64.Build.0 = Release|x64
	EndGlobalSection
	GlobalSection(SolutionProperties) = preSolution
		HideSolutionNode = FALSE
	EndGlobalSection
	GlobalSection(ExtensibilityGlobals) = postSolution
		SolutionGuid = {443BABCB-E57A-4DCF-A781-1CCCF9C8924D}
	EndGlobalSection
EndGlobal
